// !$*UTF8*$!
{
	archiveVersion = 1;
	classes = {
	};
	objectVersion = 46;
	objects = {

/* Begin PBXBuildFile section */
		2327765A1D25194A00FEFE8C /* GIGLibrary.framework in Frameworks */ = {isa = PBXBuildFile; fileRef = 232776581D2513AD00FEFE8C /* GIGLibrary.framework */; };
		2327765B1D25194A00FEFE8C /* GIGLibrary.framework in Embed Frameworks */ = {isa = PBXBuildFile; fileRef = 232776581D2513AD00FEFE8C /* GIGLibrary.framework */; settings = {ATTRIBUTES = (CodeSignOnCopy, RemoveHeadersOnCopy, ); }; };
		232776611D25291C00FEFE8C /* json_formulary.json in Resources */ = {isa = PBXBuildFile; fileRef = 232776601D25291C00FEFE8C /* json_formulary.json */; };
		23582CE11D25550600B04CE5 /* Localizable.strings in Resources */ = {isa = PBXBuildFile; fileRef = 23582CE01D25550600B04CE5 /* Localizable.strings */; };
		23F039BE1D2D432F000DB7AA /* LengthValidator.swift in Sources */ = {isa = PBXBuildFile; fileRef = 23F039BD1D2D432F000DB7AA /* LengthValidator.swift */; };
		7B1307E91D3396CA000231E8 /* GIGLibrary.framework in Frameworks */ = {isa = PBXBuildFile; fileRef = 232776581D2513AD00FEFE8C /* GIGLibrary.framework */; };
		7B87EC141D3385EA00061622 /* NumericValidator.swift in Sources */ = {isa = PBXBuildFile; fileRef = 7B87EC131D3385EA00061622 /* NumericValidator.swift */; };
		7B87EC161D33872400061622 /* PostalCodeValidator.swift in Sources */ = {isa = PBXBuildFile; fileRef = 7B87EC151D33872400061622 /* PostalCodeValidator.swift */; };
		7B87EC181D33874800061622 /* PhoneValidator.swift in Sources */ = {isa = PBXBuildFile; fileRef = 7B87EC171D33874800061622 /* PhoneValidator.swift */; };
		7B87EC1B1D33895600061622 /* ValidatorTests.swift in Sources */ = {isa = PBXBuildFile; fileRef = 7B87EC1A1D33895600061622 /* ValidatorTests.swift */; };
		7B8C9C211D22567A0066AAA3 /* AppDelegate.swift in Sources */ = {isa = PBXBuildFile; fileRef = 7B8C9C201D22567A0066AAA3 /* AppDelegate.swift */; };
		7B8C9C261D22567A0066AAA3 /* Main.storyboard in Resources */ = {isa = PBXBuildFile; fileRef = 7B8C9C241D22567A0066AAA3 /* Main.storyboard */; };
		7B8C9C281D22567A0066AAA3 /* Assets.xcassets in Resources */ = {isa = PBXBuildFile; fileRef = 7B8C9C271D22567A0066AAA3 /* Assets.xcassets */; };
		7B8C9C2B1D22567A0066AAA3 /* LaunchScreen.storyboard in Resources */ = {isa = PBXBuildFile; fileRef = 7B8C9C291D22567A0066AAA3 /* LaunchScreen.storyboard */; };
		7B8C9C361D22567A0066AAA3 /* GIGFormularyTests.swift in Sources */ = {isa = PBXBuildFile; fileRef = 7B8C9C351D22567A0066AAA3 /* GIGFormularyTests.swift */; };
		7B8C9C511D22575C0066AAA3 /* ViewController.swift in Sources */ = {isa = PBXBuildFile; fileRef = 7B8C9C501D22575C0066AAA3 /* ViewController.swift */; };
		7B8C9C531D22577C0066AAA3 /* FormController.swift in Sources */ = {isa = PBXBuildFile; fileRef = 7B8C9C521D22577C0066AAA3 /* FormController.swift */; };
		7B8C9C551D2257C10066AAA3 /* FormConstant.swift in Sources */ = {isa = PBXBuildFile; fileRef = 7B8C9C541D2257C10066AAA3 /* FormConstant.swift */; };
		7B8C9C5B1D225B9C0066AAA3 /* FormBuilderFields.swift in Sources */ = {isa = PBXBuildFile; fileRef = 7B8C9C5A1D225B9C0066AAA3 /* FormBuilderFields.swift */; };
		7B8C9C641D2265F30066AAA3 /* TextFormField.swift in Sources */ = {isa = PBXBuildFile; fileRef = 7B8C9C631D2265F30066AAA3 /* TextFormField.swift */; };
		7B8C9C681D2273180066AAA3 /* PickerFormField.swift in Sources */ = {isa = PBXBuildFile; fileRef = 7B8C9C671D2273180066AAA3 /* PickerFormField.swift */; };
		7B8C9C6A1D22B2900066AAA3 /* PickerFormField.xib in Resources */ = {isa = PBXBuildFile; fileRef = 7B8C9C691D22B2900066AAA3 /* PickerFormField.xib */; };
		7B8C9C6C1D22B2AC0066AAA3 /* TextFormField.xib in Resources */ = {isa = PBXBuildFile; fileRef = 7B8C9C6B1D22B2AC0066AAA3 /* TextFormField.xib */; };
		7B90DFD61D2BC08A005101DA /* RegexValidator.swift in Sources */ = {isa = PBXBuildFile; fileRef = 7B90DFD51D2BC08A005101DA /* RegexValidator.swift */; };
		7B90DFD81D2BC43A005101DA /* MailValidator.swift in Sources */ = {isa = PBXBuildFile; fileRef = 7B90DFD71D2BC43A005101DA /* MailValidator.swift */; };
		7BC59C7C1D267378008507CE /* Validator.swift in Sources */ = {isa = PBXBuildFile; fileRef = 7BC59C7B1D267378008507CE /* Validator.swift */; };
		7BC59C7E1D267498008507CE /* StringValidator.swift in Sources */ = {isa = PBXBuildFile; fileRef = 7BC59C7D1D267498008507CE /* StringValidator.swift */; };
		7BDBDE5B1D23AE7800665CF3 /* FormFieldModel.swift in Sources */ = {isa = PBXBuildFile; fileRef = 7BDBDE5A1D23AE7800665CF3 /* FormFieldModel.swift */; };
		7BDBDE5D1D23AE8500665CF3 /* FormField.swift in Sources */ = {isa = PBXBuildFile; fileRef = 7BDBDE5C1D23AE8500665CF3 /* FormField.swift */; };
		7BDBDE601D23B34300665CF3 /* FormFieldOptionsModel.swift in Sources */ = {isa = PBXBuildFile; fileRef = 7BDBDE5F1D23B34300665CF3 /* FormFieldOptionsModel.swift */; };
		7BDBDE621D23B47600665CF3 /* FormFieldStyleModel.swift in Sources */ = {isa = PBXBuildFile; fileRef = 7BDBDE611D23B47600665CF3 /* FormFieldStyleModel.swift */; };
		7BDBDE641D23BFA300665CF3 /* FormBuilderViews.swift in Sources */ = {isa = PBXBuildFile; fileRef = 7BDBDE631D23BFA300665CF3 /* FormBuilderViews.swift */; };
		7BDC5EEB1D33980A00A753BC /* StringValidatorTests.swift in Sources */ = {isa = PBXBuildFile; fileRef = 7BDC5EEA1D33980A00A753BC /* StringValidatorTests.swift */; };
		7BDC5EED1D33999D00A753BC /* LengthValidatorTests.swift in Sources */ = {isa = PBXBuildFile; fileRef = 7BDC5EEC1D33999D00A753BC /* LengthValidatorTests.swift */; };
		7BDC5EEF1D339DE300A753BC /* RegexValidatorTests.swift in Sources */ = {isa = PBXBuildFile; fileRef = 7BDC5EEE1D339DE300A753BC /* RegexValidatorTests.swift */; };
		7BF8CE601D33B143009CFBE6 /* NumericValidatorTests.swift in Sources */ = {isa = PBXBuildFile; fileRef = 7BF8CE5F1D33B143009CFBE6 /* NumericValidatorTests.swift */; };
		7BF8CE621D33B3F9009CFBE6 /* MailValidatorTests.swift in Sources */ = {isa = PBXBuildFile; fileRef = 7BF8CE611D33B3F9009CFBE6 /* MailValidatorTests.swift */; };
		7BF8CE641D33B514009CFBE6 /* PhoneValidatorTests.swift in Sources */ = {isa = PBXBuildFile; fileRef = 7BF8CE631D33B514009CFBE6 /* PhoneValidatorTests.swift */; };
		7BF8CE661D33B5E6009CFBE6 /* PostalCodeValidatorTests.swift in Sources */ = {isa = PBXBuildFile; fileRef = 7BF8CE651D33B5E6009CFBE6 /* PostalCodeValidatorTests.swift */; };
		7BF8CE6A1D33D1D6009CFBE6 /* BoolValidatorTests.swift in Sources */ = {isa = PBXBuildFile; fileRef = 7BF8CE691D33D1D6009CFBE6 /* BoolValidatorTests.swift */; };
		7BF8CE6C1D33D285009CFBE6 /* BoolValidator.swift in Sources */ = {isa = PBXBuildFile; fileRef = 7BF8CE6B1D33D285009CFBE6 /* BoolValidator.swift */; };
		7BF8CE6E1D33D601009CFBE6 /* DNINIEValidator.swift in Sources */ = {isa = PBXBuildFile; fileRef = 7BF8CE6D1D33D601009CFBE6 /* DNINIEValidator.swift */; };
		7BF8CE701D33DDC3009CFBE6 /* DNINIEValidatorTests.swift in Sources */ = {isa = PBXBuildFile; fileRef = 7BF8CE6F1D33DDC3009CFBE6 /* DNINIEValidatorTests.swift */; };
/* End PBXBuildFile section */

/* Begin PBXContainerItemProxy section */
		7B8C9C321D22567A0066AAA3 /* PBXContainerItemProxy */ = {
			isa = PBXContainerItemProxy;
			containerPortal = 7B8C9C151D22567A0066AAA3 /* Project object */;
			proxyType = 1;
			remoteGlobalIDString = 7B8C9C1C1D22567A0066AAA3;
			remoteInfo = GIGFormulary;
		};
/* End PBXContainerItemProxy section */

/* Begin PBXCopyFilesBuildPhase section */
		2327765C1D25194A00FEFE8C /* Embed Frameworks */ = {
			isa = PBXCopyFilesBuildPhase;
			buildActionMask = 2147483647;
			dstPath = "";
			dstSubfolderSpec = 10;
			files = (
				2327765B1D25194A00FEFE8C /* GIGLibrary.framework in Embed Frameworks */,
			);
			name = "Embed Frameworks";
			runOnlyForDeploymentPostprocessing = 0;
		};
/* End PBXCopyFilesBuildPhase section */

/* Begin PBXFileReference section */
		232776581D2513AD00FEFE8C /* GIGLibrary.framework */ = {isa = PBXFileReference; lastKnownFileType = wrapper.framework; name = GIGLibrary.framework; path = ../Carthage/Build/iOS/GIGLibrary.framework; sourceTree = "<group>"; };
		232776601D25291C00FEFE8C /* json_formulary.json */ = {isa = PBXFileReference; fileEncoding = 4; lastKnownFileType = text.json; name = json_formulary.json; path = App/Json/json_formulary.json; sourceTree = "<group>"; };
		23582CE01D25550600B04CE5 /* Localizable.strings */ = {isa = PBXFileReference; fileEncoding = 4; lastKnownFileType = text.plist.strings; name = Localizable.strings; path = Resources/Localizable.strings; sourceTree = "<group>"; };
		23F039BD1D2D432F000DB7AA /* LengthValidator.swift */ = {isa = PBXFileReference; fileEncoding = 4; lastKnownFileType = sourcecode.swift; name = LengthValidator.swift; path = Source/Validators/LengthValidator.swift; sourceTree = "<group>"; };
		7B87EC131D3385EA00061622 /* NumericValidator.swift */ = {isa = PBXFileReference; fileEncoding = 4; lastKnownFileType = sourcecode.swift; name = NumericValidator.swift; path = Source/Validators/NumericValidator.swift; sourceTree = "<group>"; };
		7B87EC151D33872400061622 /* PostalCodeValidator.swift */ = {isa = PBXFileReference; fileEncoding = 4; lastKnownFileType = sourcecode.swift; name = PostalCodeValidator.swift; path = Source/Validators/PostalCodeValidator.swift; sourceTree = "<group>"; };
		7B87EC171D33874800061622 /* PhoneValidator.swift */ = {isa = PBXFileReference; fileEncoding = 4; lastKnownFileType = sourcecode.swift; name = PhoneValidator.swift; path = Source/Validators/PhoneValidator.swift; sourceTree = "<group>"; };
		7B87EC1A1D33895600061622 /* ValidatorTests.swift */ = {isa = PBXFileReference; fileEncoding = 4; lastKnownFileType = sourcecode.swift; name = ValidatorTests.swift; path = Validator/ValidatorTests.swift; sourceTree = "<group>"; };
		7B8C9C1D1D22567A0066AAA3 /* GIGFormulary.app */ = {isa = PBXFileReference; explicitFileType = wrapper.application; includeInIndex = 0; path = GIGFormulary.app; sourceTree = BUILT_PRODUCTS_DIR; };
		7B8C9C201D22567A0066AAA3 /* AppDelegate.swift */ = {isa = PBXFileReference; lastKnownFileType = sourcecode.swift; path = AppDelegate.swift; sourceTree = "<group>"; };
		7B8C9C251D22567A0066AAA3 /* Base */ = {isa = PBXFileReference; lastKnownFileType = file.storyboard; name = Base; path = Base.lproj/Main.storyboard; sourceTree = "<group>"; };
		7B8C9C271D22567A0066AAA3 /* Assets.xcassets */ = {isa = PBXFileReference; lastKnownFileType = folder.assetcatalog; path = Assets.xcassets; sourceTree = "<group>"; };
		7B8C9C2A1D22567A0066AAA3 /* Base */ = {isa = PBXFileReference; lastKnownFileType = file.storyboard; name = Base; path = Base.lproj/LaunchScreen.storyboard; sourceTree = "<group>"; };
		7B8C9C2C1D22567A0066AAA3 /* Info.plist */ = {isa = PBXFileReference; lastKnownFileType = text.plist.xml; path = Info.plist; sourceTree = "<group>"; };
		7B8C9C311D22567A0066AAA3 /* GIGFormularyTests.xctest */ = {isa = PBXFileReference; explicitFileType = wrapper.cfbundle; includeInIndex = 0; path = GIGFormularyTests.xctest; sourceTree = BUILT_PRODUCTS_DIR; };
		7B8C9C351D22567A0066AAA3 /* GIGFormularyTests.swift */ = {isa = PBXFileReference; lastKnownFileType = sourcecode.swift; path = GIGFormularyTests.swift; sourceTree = "<group>"; };
		7B8C9C371D22567A0066AAA3 /* Info.plist */ = {isa = PBXFileReference; lastKnownFileType = text.plist.xml; path = Info.plist; sourceTree = "<group>"; };
		7B8C9C401D22567A0066AAA3 /* GIGFormularyUITests.swift */ = {isa = PBXFileReference; lastKnownFileType = sourcecode.swift; path = GIGFormularyUITests.swift; sourceTree = "<group>"; };
		7B8C9C421D22567A0066AAA3 /* Info.plist */ = {isa = PBXFileReference; lastKnownFileType = text.plist.xml; path = Info.plist; sourceTree = "<group>"; };
		7B8C9C501D22575C0066AAA3 /* ViewController.swift */ = {isa = PBXFileReference; fileEncoding = 4; lastKnownFileType = sourcecode.swift; name = ViewController.swift; path = App/ViewController.swift; sourceTree = "<group>"; };
		7B8C9C521D22577C0066AAA3 /* FormController.swift */ = {isa = PBXFileReference; fileEncoding = 4; lastKnownFileType = sourcecode.swift; name = FormController.swift; path = Source/FormController.swift; sourceTree = "<group>"; };
		7B8C9C541D2257C10066AAA3 /* FormConstant.swift */ = {isa = PBXFileReference; fileEncoding = 4; lastKnownFileType = sourcecode.swift; name = FormConstant.swift; path = Source/FormConstant.swift; sourceTree = "<group>"; };
		7B8C9C5A1D225B9C0066AAA3 /* FormBuilderFields.swift */ = {isa = PBXFileReference; fileEncoding = 4; lastKnownFileType = sourcecode.swift; name = FormBuilderFields.swift; path = Source/Builder/FormBuilderFields.swift; sourceTree = "<group>"; };
		7B8C9C631D2265F30066AAA3 /* TextFormField.swift */ = {isa = PBXFileReference; fileEncoding = 4; lastKnownFileType = sourcecode.swift; name = TextFormField.swift; path = Source/Builder/Fields/TextFormField/TextFormField.swift; sourceTree = "<group>"; };
		7B8C9C671D2273180066AAA3 /* PickerFormField.swift */ = {isa = PBXFileReference; fileEncoding = 4; lastKnownFileType = sourcecode.swift; name = PickerFormField.swift; path = Source/Builder/Fields/PickerFormField/PickerFormField.swift; sourceTree = "<group>"; };
		7B8C9C691D22B2900066AAA3 /* PickerFormField.xib */ = {isa = PBXFileReference; fileEncoding = 4; lastKnownFileType = file.xib; name = PickerFormField.xib; path = Source/Builder/Fields/PickerFormField/PickerFormField.xib; sourceTree = "<group>"; };
		7B8C9C6B1D22B2AC0066AAA3 /* TextFormField.xib */ = {isa = PBXFileReference; fileEncoding = 4; lastKnownFileType = file.xib; name = TextFormField.xib; path = Source/Builder/Fields/TextFormField/TextFormField.xib; sourceTree = "<group>"; };
		7B90DFD51D2BC08A005101DA /* RegexValidator.swift */ = {isa = PBXFileReference; fileEncoding = 4; lastKnownFileType = sourcecode.swift; name = RegexValidator.swift; path = Source/Validators/RegexValidator.swift; sourceTree = "<group>"; };
		7B90DFD71D2BC43A005101DA /* MailValidator.swift */ = {isa = PBXFileReference; fileEncoding = 4; lastKnownFileType = sourcecode.swift; name = MailValidator.swift; path = Source/Validators/MailValidator.swift; sourceTree = "<group>"; };
		7BC59C7B1D267378008507CE /* Validator.swift */ = {isa = PBXFileReference; fileEncoding = 4; lastKnownFileType = sourcecode.swift; name = Validator.swift; path = Source/Validators/Validator.swift; sourceTree = "<group>"; };
		7BC59C7D1D267498008507CE /* StringValidator.swift */ = {isa = PBXFileReference; fileEncoding = 4; lastKnownFileType = sourcecode.swift; name = StringValidator.swift; path = Source/Validators/StringValidator.swift; sourceTree = "<group>"; };
		7BDBDE5A1D23AE7800665CF3 /* FormFieldModel.swift */ = {isa = PBXFileReference; fileEncoding = 4; lastKnownFileType = sourcecode.swift; name = FormFieldModel.swift; path = Source/Model/FormFieldModel.swift; sourceTree = "<group>"; };
		7BDBDE5C1D23AE8500665CF3 /* FormField.swift */ = {isa = PBXFileReference; fileEncoding = 4; lastKnownFileType = sourcecode.swift; name = FormField.swift; path = Source/Builder/Fields/FormField.swift; sourceTree = "<group>"; };
		7BDBDE5F1D23B34300665CF3 /* FormFieldOptionsModel.swift */ = {isa = PBXFileReference; fileEncoding = 4; lastKnownFileType = sourcecode.swift; name = FormFieldOptionsModel.swift; path = Source/Model/FormFieldOptionsModel.swift; sourceTree = "<group>"; };
		7BDBDE611D23B47600665CF3 /* FormFieldStyleModel.swift */ = {isa = PBXFileReference; fileEncoding = 4; lastKnownFileType = sourcecode.swift; name = FormFieldStyleModel.swift; path = Source/Model/FormFieldStyleModel.swift; sourceTree = "<group>"; };
		7BDBDE631D23BFA300665CF3 /* FormBuilderViews.swift */ = {isa = PBXFileReference; fileEncoding = 4; lastKnownFileType = sourcecode.swift; name = FormBuilderViews.swift; path = Source/Builder/FormBuilderViews.swift; sourceTree = "<group>"; };
		7BDC5EEA1D33980A00A753BC /* StringValidatorTests.swift */ = {isa = PBXFileReference; fileEncoding = 4; lastKnownFileType = sourcecode.swift; name = StringValidatorTests.swift; path = Validator/StringValidatorTests.swift; sourceTree = "<group>"; };
		7BDC5EEC1D33999D00A753BC /* LengthValidatorTests.swift */ = {isa = PBXFileReference; fileEncoding = 4; lastKnownFileType = sourcecode.swift; name = LengthValidatorTests.swift; path = Validator/LengthValidatorTests.swift; sourceTree = "<group>"; };
		7BDC5EEE1D339DE300A753BC /* RegexValidatorTests.swift */ = {isa = PBXFileReference; fileEncoding = 4; lastKnownFileType = sourcecode.swift; name = RegexValidatorTests.swift; path = Validator/RegexValidatorTests.swift; sourceTree = "<group>"; };
		7BF8CE5F1D33B143009CFBE6 /* NumericValidatorTests.swift */ = {isa = PBXFileReference; fileEncoding = 4; lastKnownFileType = sourcecode.swift; name = NumericValidatorTests.swift; path = Validator/NumericValidatorTests.swift; sourceTree = "<group>"; };
		7BF8CE611D33B3F9009CFBE6 /* MailValidatorTests.swift */ = {isa = PBXFileReference; fileEncoding = 4; lastKnownFileType = sourcecode.swift; name = MailValidatorTests.swift; path = Validator/MailValidatorTests.swift; sourceTree = "<group>"; };
		7BF8CE631D33B514009CFBE6 /* PhoneValidatorTests.swift */ = {isa = PBXFileReference; fileEncoding = 4; lastKnownFileType = sourcecode.swift; name = PhoneValidatorTests.swift; path = Validator/PhoneValidatorTests.swift; sourceTree = "<group>"; };
		7BF8CE651D33B5E6009CFBE6 /* PostalCodeValidatorTests.swift */ = {isa = PBXFileReference; fileEncoding = 4; lastKnownFileType = sourcecode.swift; name = PostalCodeValidatorTests.swift; path = Validator/PostalCodeValidatorTests.swift; sourceTree = "<group>"; };
		7BF8CE691D33D1D6009CFBE6 /* BoolValidatorTests.swift */ = {isa = PBXFileReference; fileEncoding = 4; lastKnownFileType = sourcecode.swift; name = BoolValidatorTests.swift; path = Validator/BoolValidatorTests.swift; sourceTree = "<group>"; };
		7BF8CE6B1D33D285009CFBE6 /* BoolValidator.swift */ = {isa = PBXFileReference; fileEncoding = 4; lastKnownFileType = sourcecode.swift; name = BoolValidator.swift; path = Source/Validators/BoolValidator.swift; sourceTree = "<group>"; };
		7BF8CE6D1D33D601009CFBE6 /* DNINIEValidator.swift */ = {isa = PBXFileReference; fileEncoding = 4; lastKnownFileType = sourcecode.swift; name = DNINIEValidator.swift; path = Source/Validators/DNINIEValidator.swift; sourceTree = "<group>"; };
		7BF8CE6F1D33DDC3009CFBE6 /* DNINIEValidatorTests.swift */ = {isa = PBXFileReference; fileEncoding = 4; lastKnownFileType = sourcecode.swift; name = DNINIEValidatorTests.swift; path = Validator/DNINIEValidatorTests.swift; sourceTree = "<group>"; };
/* End PBXFileReference section */

/* Begin PBXFrameworksBuildPhase section */
		7B8C9C1A1D22567A0066AAA3 /* Frameworks */ = {
			isa = PBXFrameworksBuildPhase;
			buildActionMask = 2147483647;
			files = (
				2327765A1D25194A00FEFE8C /* GIGLibrary.framework in Frameworks */,
			);
			runOnlyForDeploymentPostprocessing = 0;
		};
		7B8C9C2E1D22567A0066AAA3 /* Frameworks */ = {
			isa = PBXFrameworksBuildPhase;
			buildActionMask = 2147483647;
			files = (
				7B1307E91D3396CA000231E8 /* GIGLibrary.framework in Frameworks */,
			);
			runOnlyForDeploymentPostprocessing = 0;
		};
/* End PBXFrameworksBuildPhase section */

/* Begin PBXGroup section */
		232776561D25138100FEFE8C /* Frameworks */ = {
			isa = PBXGroup;
			children = (
				232776571D25139F00FEFE8C /* Internal */,
			);
			name = Frameworks;
			sourceTree = "<group>";
		};
		232776571D25139F00FEFE8C /* Internal */ = {
			isa = PBXGroup;
			children = (
				232776581D2513AD00FEFE8C /* GIGLibrary.framework */,
			);
			name = Internal;
			sourceTree = "<group>";
		};
		2327765D1D2528A200FEFE8C /* Json */ = {
			isa = PBXGroup;
			children = (
				232776601D25291C00FEFE8C /* json_formulary.json */,
			);
			name = Json;
			sourceTree = "<group>";
		};
		232776641D252D2D00FEFE8C /* Resources */ = {
			isa = PBXGroup;
			children = (
				7B8C9C271D22567A0066AAA3 /* Assets.xcassets */,
				23582CE01D25550600B04CE5 /* Localizable.strings */,
			);
			name = Resources;
			sourceTree = "<group>";
		};
		7B87EC191D33893500061622 /* Validator */ = {
			isa = PBXGroup;
			children = (
				7B87EC1A1D33895600061622 /* ValidatorTests.swift */,
				7BDC5EEA1D33980A00A753BC /* StringValidatorTests.swift */,
				7BDC5EEC1D33999D00A753BC /* LengthValidatorTests.swift */,
				7BDC5EEE1D339DE300A753BC /* RegexValidatorTests.swift */,
				7BF8CE5F1D33B143009CFBE6 /* NumericValidatorTests.swift */,
				7BF8CE611D33B3F9009CFBE6 /* MailValidatorTests.swift */,
				7BF8CE631D33B514009CFBE6 /* PhoneValidatorTests.swift */,
				7BF8CE651D33B5E6009CFBE6 /* PostalCodeValidatorTests.swift */,
				7BF8CE691D33D1D6009CFBE6 /* BoolValidatorTests.swift */,
				7BF8CE6F1D33DDC3009CFBE6 /* DNINIEValidatorTests.swift */,
			);
			name = Validator;
			sourceTree = "<group>";
		};
		7B8C9C141D22567A0066AAA3 = {
			isa = PBXGroup;
			children = (
				7B8C9C1F1D22567A0066AAA3 /* GIGFormulary */,
				7B8C9C341D22567A0066AAA3 /* GIGFormularyTests */,
				7B8C9C3F1D22567A0066AAA3 /* GIGFormularyUITests */,
				7B8C9C1E1D22567A0066AAA3 /* Products */,
			);
			sourceTree = "<group>";
		};
		7B8C9C1E1D22567A0066AAA3 /* Products */ = {
			isa = PBXGroup;
			children = (
				7B8C9C1D1D22567A0066AAA3 /* GIGFormulary.app */,
				7B8C9C311D22567A0066AAA3 /* GIGFormularyTests.xctest */,
			);
			name = Products;
			sourceTree = "<group>";
		};
		7B8C9C1F1D22567A0066AAA3 /* GIGFormulary */ = {
			isa = PBXGroup;
			children = (
				232776641D252D2D00FEFE8C /* Resources */,
				232776561D25138100FEFE8C /* Frameworks */,
				7B8C9C4F1D2256EE0066AAA3 /* Source */,
				7B8C9C4E1D2256E30066AAA3 /* App */,
				7B8C9C201D22567A0066AAA3 /* AppDelegate.swift */,
				7B8C9C291D22567A0066AAA3 /* LaunchScreen.storyboard */,
				7B8C9C2C1D22567A0066AAA3 /* Info.plist */,
			);
			path = GIGFormulary;
			sourceTree = "<group>";
		};
		7B8C9C341D22567A0066AAA3 /* GIGFormularyTests */ = {
			isa = PBXGroup;
			children = (
				7B87EC191D33893500061622 /* Validator */,
				7B8C9C351D22567A0066AAA3 /* GIGFormularyTests.swift */,
				7B8C9C371D22567A0066AAA3 /* Info.plist */,
			);
			path = GIGFormularyTests;
			sourceTree = "<group>";
		};
		7B8C9C3F1D22567A0066AAA3 /* GIGFormularyUITests */ = {
			isa = PBXGroup;
			children = (
				7B8C9C401D22567A0066AAA3 /* GIGFormularyUITests.swift */,
				7B8C9C421D22567A0066AAA3 /* Info.plist */,
			);
			path = GIGFormularyUITests;
			sourceTree = "<group>";
		};
		7B8C9C4E1D2256E30066AAA3 /* App */ = {
			isa = PBXGroup;
			children = (
				2327765D1D2528A200FEFE8C /* Json */,
				7B8C9C501D22575C0066AAA3 /* ViewController.swift */,
				7B8C9C241D22567A0066AAA3 /* Main.storyboard */,
			);
			name = App;
			sourceTree = "<group>";
		};
		7B8C9C4F1D2256EE0066AAA3 /* Source */ = {
			isa = PBXGroup;
			children = (
				7B8C9C5C1D225C540066AAA3 /* Model */,
				7B8C9C581D225B600066AAA3 /* Builder */,
				7B8C9C561D2257C80066AAA3 /* Validators */,
				7B8C9C521D22577C0066AAA3 /* FormController.swift */,
				7B8C9C541D2257C10066AAA3 /* FormConstant.swift */,
			);
			name = Source;
			sourceTree = "<group>";
		};
		7B8C9C561D2257C80066AAA3 /* Validators */ = {
			isa = PBXGroup;
			children = (
				7BC59C7B1D267378008507CE /* Validator.swift */,
				7BC59C7D1D267498008507CE /* StringValidator.swift */,
				7B90DFD51D2BC08A005101DA /* RegexValidator.swift */,
				23F039BD1D2D432F000DB7AA /* LengthValidator.swift */,
				7B90DFD71D2BC43A005101DA /* MailValidator.swift */,
				7B87EC131D3385EA00061622 /* NumericValidator.swift */,
				7B87EC151D33872400061622 /* PostalCodeValidator.swift */,
				7B87EC171D33874800061622 /* PhoneValidator.swift */,
				7BF8CE6B1D33D285009CFBE6 /* BoolValidator.swift */,
				7BF8CE6D1D33D601009CFBE6 /* DNINIEValidator.swift */,
			);
			name = Validators;
			sourceTree = "<group>";
		};
		7B8C9C581D225B600066AAA3 /* Builder */ = {
			isa = PBXGroup;
			children = (
				7B8C9C621D2265B30066AAA3 /* Fields */,
				7BDBDE631D23BFA300665CF3 /* FormBuilderViews.swift */,
				7B8C9C5A1D225B9C0066AAA3 /* FormBuilderFields.swift */,
			);
			name = Builder;
			sourceTree = "<group>";
		};
		7B8C9C5C1D225C540066AAA3 /* Model */ = {
			isa = PBXGroup;
			children = (
				7BDBDE5A1D23AE7800665CF3 /* FormFieldModel.swift */,
				7BDBDE5F1D23B34300665CF3 /* FormFieldOptionsModel.swift */,
				7BDBDE611D23B47600665CF3 /* FormFieldStyleModel.swift */,
			);
			name = Model;
			sourceTree = "<group>";
		};
		7B8C9C621D2265B30066AAA3 /* Fields */ = {
			isa = PBXGroup;
			children = (
				7B8C9C661D2272FE0066AAA3 /* PickerFormField */,
				7B8C9C651D2266010066AAA3 /* TextFormField */,
				7BDBDE5C1D23AE8500665CF3 /* FormField.swift */,
			);
			name = Fields;
			sourceTree = "<group>";
		};
		7B8C9C651D2266010066AAA3 /* TextFormField */ = {
			isa = PBXGroup;
			children = (
				7B8C9C6B1D22B2AC0066AAA3 /* TextFormField.xib */,
				7B8C9C631D2265F30066AAA3 /* TextFormField.swift */,
			);
			name = TextFormField;
			sourceTree = "<group>";
		};
		7B8C9C661D2272FE0066AAA3 /* PickerFormField */ = {
			isa = PBXGroup;
			children = (
				7B8C9C691D22B2900066AAA3 /* PickerFormField.xib */,
				7B8C9C671D2273180066AAA3 /* PickerFormField.swift */,
			);
			name = PickerFormField;
			sourceTree = "<group>";
		};
/* End PBXGroup section */

/* Begin PBXNativeTarget section */
		7B8C9C1C1D22567A0066AAA3 /* GIGFormulary */ = {
			isa = PBXNativeTarget;
			buildConfigurationList = 7B8C9C451D22567A0066AAA3 /* Build configuration list for PBXNativeTarget "GIGFormulary" */;
			buildPhases = (
				7B8C9C191D22567A0066AAA3 /* Sources */,
				7B8C9C1A1D22567A0066AAA3 /* Frameworks */,
				7B8C9C1B1D22567A0066AAA3 /* Resources */,
				2327765C1D25194A00FEFE8C /* Embed Frameworks */,
			);
			buildRules = (
			);
			dependencies = (
			);
			name = GIGFormulary;
			productName = GIGFormulary;
			productReference = 7B8C9C1D1D22567A0066AAA3 /* GIGFormulary.app */;
			productType = "com.apple.product-type.application";
		};
		7B8C9C301D22567A0066AAA3 /* GIGFormularyTests */ = {
			isa = PBXNativeTarget;
			buildConfigurationList = 7B8C9C481D22567A0066AAA3 /* Build configuration list for PBXNativeTarget "GIGFormularyTests" */;
			buildPhases = (
				7B8C9C2D1D22567A0066AAA3 /* Sources */,
				7B8C9C2E1D22567A0066AAA3 /* Frameworks */,
				7B8C9C2F1D22567A0066AAA3 /* Resources */,
			);
			buildRules = (
			);
			dependencies = (
				7B8C9C331D22567A0066AAA3 /* PBXTargetDependency */,
			);
			name = GIGFormularyTests;
			productName = GIGFormularyTests;
			productReference = 7B8C9C311D22567A0066AAA3 /* GIGFormularyTests.xctest */;
			productType = "com.apple.product-type.bundle.unit-test";
		};
/* End PBXNativeTarget section */

/* Begin PBXProject section */
		7B8C9C151D22567A0066AAA3 /* Project object */ = {
			isa = PBXProject;
			attributes = {
				LastSwiftUpdateCheck = 0730;
				LastUpgradeCheck = 0730;
				ORGANIZATIONNAME = gigigo;
				TargetAttributes = {
					7B8C9C1C1D22567A0066AAA3 = {
						CreatedOnToolsVersion = 7.3.1;
					};
					7B8C9C301D22567A0066AAA3 = {
						CreatedOnToolsVersion = 7.3.1;
						TestTargetID = 7B8C9C1C1D22567A0066AAA3;
					};
				};
			};
			buildConfigurationList = 7B8C9C181D22567A0066AAA3 /* Build configuration list for PBXProject "GIGFormulary" */;
			compatibilityVersion = "Xcode 3.2";
			developmentRegion = English;
			hasScannedForEncodings = 0;
			knownRegions = (
				en,
				Base,
			);
			mainGroup = 7B8C9C141D22567A0066AAA3;
			productRefGroup = 7B8C9C1E1D22567A0066AAA3 /* Products */;
			projectDirPath = "";
			projectRoot = "";
			targets = (
				7B8C9C1C1D22567A0066AAA3 /* GIGFormulary */,
				7B8C9C301D22567A0066AAA3 /* GIGFormularyTests */,
			);
		};
/* End PBXProject section */

/* Begin PBXResourcesBuildPhase section */
		7B8C9C1B1D22567A0066AAA3 /* Resources */ = {
			isa = PBXResourcesBuildPhase;
			buildActionMask = 2147483647;
			files = (
				7B8C9C2B1D22567A0066AAA3 /* LaunchScreen.storyboard in Resources */,
				7B8C9C281D22567A0066AAA3 /* Assets.xcassets in Resources */,
				7B8C9C6A1D22B2900066AAA3 /* PickerFormField.xib in Resources */,
				23582CE11D25550600B04CE5 /* Localizable.strings in Resources */,
				7B8C9C261D22567A0066AAA3 /* Main.storyboard in Resources */,
				7B8C9C6C1D22B2AC0066AAA3 /* TextFormField.xib in Resources */,
				232776611D25291C00FEFE8C /* json_formulary.json in Resources */,
			);
			runOnlyForDeploymentPostprocessing = 0;
		};
		7B8C9C2F1D22567A0066AAA3 /* Resources */ = {
			isa = PBXResourcesBuildPhase;
			buildActionMask = 2147483647;
			files = (
			);
			runOnlyForDeploymentPostprocessing = 0;
		};
/* End PBXResourcesBuildPhase section */

/* Begin PBXSourcesBuildPhase section */
		7B8C9C191D22567A0066AAA3 /* Sources */ = {
			isa = PBXSourcesBuildPhase;
			buildActionMask = 2147483647;
			files = (
				23F039BE1D2D432F000DB7AA /* LengthValidator.swift in Sources */,
				7BDBDE5D1D23AE8500665CF3 /* FormField.swift in Sources */,
				7B8C9C531D22577C0066AAA3 /* FormController.swift in Sources */,
				7B87EC181D33874800061622 /* PhoneValidator.swift in Sources */,
				7BDBDE641D23BFA300665CF3 /* FormBuilderViews.swift in Sources */,
				7B8C9C681D2273180066AAA3 /* PickerFormField.swift in Sources */,
				7BC59C7C1D267378008507CE /* Validator.swift in Sources */,
				7B87EC141D3385EA00061622 /* NumericValidator.swift in Sources */,
				7BF8CE6C1D33D285009CFBE6 /* BoolValidator.swift in Sources */,
				7BDBDE5B1D23AE7800665CF3 /* FormFieldModel.swift in Sources */,
				7B90DFD61D2BC08A005101DA /* RegexValidator.swift in Sources */,
				7B87EC161D33872400061622 /* PostalCodeValidator.swift in Sources */,
				7B90DFD81D2BC43A005101DA /* MailValidator.swift in Sources */,
				7BDBDE601D23B34300665CF3 /* FormFieldOptionsModel.swift in Sources */,
				7BC59C7E1D267498008507CE /* StringValidator.swift in Sources */,
				7BDBDE621D23B47600665CF3 /* FormFieldStyleModel.swift in Sources */,
				7B8C9C641D2265F30066AAA3 /* TextFormField.swift in Sources */,
				7B8C9C511D22575C0066AAA3 /* ViewController.swift in Sources */,
				7B8C9C5B1D225B9C0066AAA3 /* FormBuilderFields.swift in Sources */,
				7B8C9C211D22567A0066AAA3 /* AppDelegate.swift in Sources */,
				7BF8CE6E1D33D601009CFBE6 /* DNINIEValidator.swift in Sources */,
				7B8C9C551D2257C10066AAA3 /* FormConstant.swift in Sources */,
			);
			runOnlyForDeploymentPostprocessing = 0;
		};
		7B8C9C2D1D22567A0066AAA3 /* Sources */ = {
			isa = PBXSourcesBuildPhase;
			buildActionMask = 2147483647;
			files = (
				7BF8CE621D33B3F9009CFBE6 /* MailValidatorTests.swift in Sources */,
				7BDC5EED1D33999D00A753BC /* LengthValidatorTests.swift in Sources */,
				7BDC5EEF1D339DE300A753BC /* RegexValidatorTests.swift in Sources */,
				7B87EC1B1D33895600061622 /* ValidatorTests.swift in Sources */,
				7B8C9C361D22567A0066AAA3 /* GIGFormularyTests.swift in Sources */,
				7BF8CE701D33DDC3009CFBE6 /* DNINIEValidatorTests.swift in Sources */,
				7BF8CE601D33B143009CFBE6 /* NumericValidatorTests.swift in Sources */,
				7BF8CE6A1D33D1D6009CFBE6 /* BoolValidatorTests.swift in Sources */,
				7BF8CE661D33B5E6009CFBE6 /* PostalCodeValidatorTests.swift in Sources */,
				7BDC5EEB1D33980A00A753BC /* StringValidatorTests.swift in Sources */,
				7BF8CE641D33B514009CFBE6 /* PhoneValidatorTests.swift in Sources */,
			);
			runOnlyForDeploymentPostprocessing = 0;
		};
/* End PBXSourcesBuildPhase section */

/* Begin PBXTargetDependency section */
		7B8C9C331D22567A0066AAA3 /* PBXTargetDependency */ = {
			isa = PBXTargetDependency;
			target = 7B8C9C1C1D22567A0066AAA3 /* GIGFormulary */;
			targetProxy = 7B8C9C321D22567A0066AAA3 /* PBXContainerItemProxy */;
		};
/* End PBXTargetDependency section */

/* Begin PBXVariantGroup section */
		7B8C9C241D22567A0066AAA3 /* Main.storyboard */ = {
			isa = PBXVariantGroup;
			children = (
				7B8C9C251D22567A0066AAA3 /* Base */,
			);
			name = Main.storyboard;
			sourceTree = "<group>";
		};
		7B8C9C291D22567A0066AAA3 /* LaunchScreen.storyboard */ = {
			isa = PBXVariantGroup;
			children = (
				7B8C9C2A1D22567A0066AAA3 /* Base */,
			);
			name = LaunchScreen.storyboard;
			sourceTree = "<group>";
		};
/* End PBXVariantGroup section */

/* Begin XCBuildConfiguration section */
		7B8C9C431D22567A0066AAA3 /* Debug */ = {
			isa = XCBuildConfiguration;
			buildSettings = {
				ALWAYS_SEARCH_USER_PATHS = NO;
				CLANG_ANALYZER_NONNULL = YES;
				CLANG_CXX_LANGUAGE_STANDARD = "gnu++0x";
				CLANG_CXX_LIBRARY = "libc++";
				CLANG_ENABLE_MODULES = YES;
				CLANG_ENABLE_OBJC_ARC = YES;
				CLANG_WARN_BOOL_CONVERSION = YES;
				CLANG_WARN_CONSTANT_CONVERSION = YES;
				CLANG_WARN_DIRECT_OBJC_ISA_USAGE = YES_ERROR;
				CLANG_WARN_EMPTY_BODY = YES;
				CLANG_WARN_ENUM_CONVERSION = YES;
				CLANG_WARN_INT_CONVERSION = YES;
				CLANG_WARN_OBJC_ROOT_CLASS = YES_ERROR;
				CLANG_WARN_UNREACHABLE_CODE = YES;
				CLANG_WARN__DUPLICATE_METHOD_MATCH = YES;
				"CODE_SIGN_IDENTITY[sdk=iphoneos*]" = "iPhone Developer";
				COPY_PHASE_STRIP = NO;
				DEBUG_INFORMATION_FORMAT = dwarf;
				ENABLE_STRICT_OBJC_MSGSEND = YES;
				ENABLE_TESTABILITY = YES;
				GCC_C_LANGUAGE_STANDARD = gnu99;
				GCC_DYNAMIC_NO_PIC = NO;
				GCC_NO_COMMON_BLOCKS = YES;
				GCC_OPTIMIZATION_LEVEL = 0;
				GCC_PREPROCESSOR_DEFINITIONS = (
					"DEBUG=1",
					"$(inherited)",
				);
				GCC_WARN_64_TO_32_BIT_CONVERSION = YES;
				GCC_WARN_ABOUT_RETURN_TYPE = YES_ERROR;
				GCC_WARN_UNDECLARED_SELECTOR = YES;
				GCC_WARN_UNINITIALIZED_AUTOS = YES_AGGRESSIVE;
				GCC_WARN_UNUSED_FUNCTION = YES;
				GCC_WARN_UNUSED_VARIABLE = YES;
				IPHONEOS_DEPLOYMENT_TARGET = 9.3;
				MTL_ENABLE_DEBUG_INFO = YES;
				ONLY_ACTIVE_ARCH = YES;
				SDKROOT = iphoneos;
				SWIFT_OPTIMIZATION_LEVEL = "-Onone";
			};
			name = Debug;
		};
		7B8C9C441D22567A0066AAA3 /* Release */ = {
			isa = XCBuildConfiguration;
			buildSettings = {
				ALWAYS_SEARCH_USER_PATHS = NO;
				CLANG_ANALYZER_NONNULL = YES;
				CLANG_CXX_LANGUAGE_STANDARD = "gnu++0x";
				CLANG_CXX_LIBRARY = "libc++";
				CLANG_ENABLE_MODULES = YES;
				CLANG_ENABLE_OBJC_ARC = YES;
				CLANG_WARN_BOOL_CONVERSION = YES;
				CLANG_WARN_CONSTANT_CONVERSION = YES;
				CLANG_WARN_DIRECT_OBJC_ISA_USAGE = YES_ERROR;
				CLANG_WARN_EMPTY_BODY = YES;
				CLANG_WARN_ENUM_CONVERSION = YES;
				CLANG_WARN_INT_CONVERSION = YES;
				CLANG_WARN_OBJC_ROOT_CLASS = YES_ERROR;
				CLANG_WARN_UNREACHABLE_CODE = YES;
				CLANG_WARN__DUPLICATE_METHOD_MATCH = YES;
				"CODE_SIGN_IDENTITY[sdk=iphoneos*]" = "iPhone Developer";
				COPY_PHASE_STRIP = NO;
				DEBUG_INFORMATION_FORMAT = "dwarf-with-dsym";
				ENABLE_NS_ASSERTIONS = NO;
				ENABLE_STRICT_OBJC_MSGSEND = YES;
				GCC_C_LANGUAGE_STANDARD = gnu99;
				GCC_NO_COMMON_BLOCKS = YES;
				GCC_WARN_64_TO_32_BIT_CONVERSION = YES;
				GCC_WARN_ABOUT_RETURN_TYPE = YES_ERROR;
				GCC_WARN_UNDECLARED_SELECTOR = YES;
				GCC_WARN_UNINITIALIZED_AUTOS = YES_AGGRESSIVE;
				GCC_WARN_UNUSED_FUNCTION = YES;
				GCC_WARN_UNUSED_VARIABLE = YES;
				IPHONEOS_DEPLOYMENT_TARGET = 9.3;
				MTL_ENABLE_DEBUG_INFO = NO;
				SDKROOT = iphoneos;
				VALIDATE_PRODUCT = YES;
			};
			name = Release;
		};
		7B8C9C461D22567A0066AAA3 /* Debug */ = {
			isa = XCBuildConfiguration;
			buildSettings = {
				ASSETCATALOG_COMPILER_APPICON_NAME = AppIcon;
				FRAMEWORK_SEARCH_PATHS = (
					"$(inherited)",
					"$(PROJECT_DIR)/Carthage/Build/iOS",
				);
				INFOPLIST_FILE = GIGFormulary/Info.plist;
				IPHONEOS_DEPLOYMENT_TARGET = 8.0;
				LD_RUNPATH_SEARCH_PATHS = "$(inherited) @executable_path/Frameworks";
				ONLY_ACTIVE_ARCH = YES;
				PRODUCT_BUNDLE_IDENTIFIER = com.gigigo.GIGFormulary;
				PRODUCT_NAME = "$(TARGET_NAME)";
				VALID_ARCHS = "arm64 armv7 armv7s";
			};
			name = Debug;
		};
		7B8C9C471D22567A0066AAA3 /* Release */ = {
			isa = XCBuildConfiguration;
			buildSettings = {
				ASSETCATALOG_COMPILER_APPICON_NAME = AppIcon;
				FRAMEWORK_SEARCH_PATHS = (
					"$(inherited)",
					"$(PROJECT_DIR)/Carthage/Build/iOS",
				);
				INFOPLIST_FILE = GIGFormulary/Info.plist;
				IPHONEOS_DEPLOYMENT_TARGET = 8.0;
				LD_RUNPATH_SEARCH_PATHS = "$(inherited) @executable_path/Frameworks";
				PRODUCT_BUNDLE_IDENTIFIER = com.gigigo.GIGFormulary;
				PRODUCT_NAME = "$(TARGET_NAME)";
				VALID_ARCHS = "arm64 armv7 armv7s";
			};
			name = Release;
		};
		7B8C9C491D22567A0066AAA3 /* Debug */ = {
			isa = XCBuildConfiguration;
			buildSettings = {
				BUNDLE_LOADER = "$(TEST_HOST)";
				FRAMEWORK_SEARCH_PATHS = "$(PROJECT_DIR)/Carthage/Build/iOS";
				INFOPLIST_FILE = GIGFormularyTests/Info.plist;
				IPHONEOS_DEPLOYMENT_TARGET = 8.0;
				LD_RUNPATH_SEARCH_PATHS = "$(inherited) @executable_path/Frameworks @loader_path/Frameworks";
				PRODUCT_BUNDLE_IDENTIFIER = com.gigigo.GIGFormularyTests;
				PRODUCT_NAME = "$(TARGET_NAME)";
				TEST_HOST = "$(BUILT_PRODUCTS_DIR)/GIGFormulary.app/GIGFormulary";
			};
			name = Debug;
		};
		7B8C9C4A1D22567A0066AAA3 /* Release */ = {
			isa = XCBuildConfiguration;
			buildSettings = {
				BUNDLE_LOADER = "$(TEST_HOST)";
				FRAMEWORK_SEARCH_PATHS = "$(PROJECT_DIR)/Carthage/Build/iOS";
				INFOPLIST_FILE = GIGFormularyTests/Info.plist;
				IPHONEOS_DEPLOYMENT_TARGET = 8.0;
				LD_RUNPATH_SEARCH_PATHS = "$(inherited) @executable_path/Frameworks @loader_path/Frameworks";
				PRODUCT_BUNDLE_IDENTIFIER = com.gigigo.GIGFormularyTests;
				PRODUCT_NAME = "$(TARGET_NAME)";
				TEST_HOST = "$(BUILT_PRODUCTS_DIR)/GIGFormulary.app/GIGFormulary";
			};
			name = Release;
		};
/* End XCBuildConfiguration section */

/* Begin XCConfigurationList section */
		7B8C9C181D22567A0066AAA3 /* Build configuration list for PBXProject "GIGFormulary" */ = {
			isa = XCConfigurationList;
			buildConfigurations = (
				7B8C9C431D22567A0066AAA3 /* Debug */,
				7B8C9C441D22567A0066AAA3 /* Release */,
			);
			defaultConfigurationIsVisible = 0;
			defaultConfigurationName = Release;
		};
		7B8C9C451D22567A0066AAA3 /* Build configuration list for PBXNativeTarget "GIGFormulary" */ = {
			isa = XCConfigurationList;
			buildConfigurations = (
				7B8C9C461D22567A0066AAA3 /* Debug */,
				7B8C9C471D22567A0066AAA3 /* Release */,
			);
			defaultConfigurationIsVisible = 0;
			defaultConfigurationName = Release;
		};
		7B8C9C481D22567A0066AAA3 /* Build configuration list for PBXNativeTarget "GIGFormularyTests" */ = {
			isa = XCConfigurationList;
			buildConfigurations = (
				7B8C9C491D22567A0066AAA3 /* Debug */,
				7B8C9C4A1D22567A0066AAA3 /* Release */,
			);
			defaultConfigurationIsVisible = 0;
			defaultConfigurationName = Release;
		};
/* End XCConfigurationList section */
	};
	rootObject = 7B8C9C151D22567A0066AAA3 /* Project object */;
}
